{
    "_readme": [
        "This file locks the dependencies of your project to a known state",
        "Read more about it at http://getcomposer.org/doc/01-basic-usage.md#composer-lock-the-lock-file",
        "This file is @generated automatically"
    ],
    "hash": "9baffe8f1ba4b80b2e2872a8c868b7e3",
    "packages": [
        {
            "name": "automattic/wordpress",
            "version": "4.0-beta2",
            "dist": {
                "type": "zip",
                "url": "http://wordpress.org/wordpress-4.0-beta2.zip",
                "reference": null,
                "shasum": null
            },
            "require": {
                "composer/installers": "~1.0",
                "php": ">=5.3"
            },
            "type": "platform",
            "extra": {
                "installer-name": "wordpress-4.0-beta2"
            }
        },
        {
            "name": "composer/installers",
            "version": "dev-master",
            "source": {
                "type": "git",
                "url": "https://github.com/composer/installers.git",
                "reference": "41cf781ed1271e25bf31b715416a349996aa2527"
            },
            "dist": {
                "type": "zip",
                "url": "https://api.github.com/repos/composer/installers/zipball/41cf781ed1271e25bf31b715416a349996aa2527",
                "reference": "41cf781ed1271e25bf31b715416a349996aa2527",
                "shasum": ""
            },
            "replace": {
                "roundcube/plugin-installer": "*",
                "shama/baton": "*"
            },
            "require-dev": {
                "composer/composer": "1.0.*@dev",
                "phpunit/phpunit": "4.1.*"
            },
            "type": "composer-installer",
            "extra": {
                "class": "Composer\\Installers\\Installer",
                "branch-alias": {
                    "dev-master": "1.0-dev"
                }
            },
            "autoload": {
                "psr-0": {
                    "Composer\\Installers\\": "src/"
                }
            },
            "notification-url": "https://packagist.org/downloads/",
            "license": [
                "MIT"
            ],
            "authors": [
                {
                    "name": "Kyle Robinson Young",
                    "email": "kyle@dontkry.com",
                    "homepage": "https://github.com/shama"
                }
            ],
            "description": "A multi-framework Composer library installer",
            "homepage": "http://composer.github.com/installers/",
            "keywords": [
                "Craft",
                "Dolibarr",
                "Hurad",
                "MODX Evo",
                "OXID",
                "WolfCMS",
                "agl",
                "annotatecms",
                "bitrix",
                "cakephp",
                "chef",
                "codeigniter",
                "concrete5",
                "croogo",
                "drupal",
                "elgg",
                "fuelphp",
                "installer",
                "joomla",
                "kohana",
                "laravel",
                "lithium",
                "magento",
                "mako",
                "mediawiki",
                "modulework",
                "moodle",
                "phpbb",
                "piwik",
                "ppi",
                "puppet",
                "roundcube",
                "shopware",
                "silverstripe",
                "symfony",
                "typo3",
                "wordpress",
                "zend",
                "zikula"
            ],
            "time": "2014-07-22 17:04:15"
        },
        {
            "name": "siteorigin/panels",
            "version": "master",
            "source": {
                "type": "git",
                "url": "git@github.com:UsabilityDynamics/siteorigin-panels",
                "reference": "master"
            },
            "dist": {
                "type": "zip",
                "url": "https://github.com/UsabilityDynamics/siteorigin-panels/archive/master.zip",
                "reference": null,
                "shasum": null
            },
            "require": {
                "composer/installers": "~1.0",
                "php": ">=5.3"
            },
            "type": "wordpress-plugin",
            "extra": {
                "installer-name": "siteorigin-panels",
                "main-file": "siteorigin-panels.php",
                "text_domain": "siteorigin-panels"
            },
            "autoload": {
                "classmap": [
                    "widgets/basic.php",
                    "widgets/widgets/testimonial/testimonial.php",
                    "widgets/widgets/price-box/price-box.php",
                    "widgets/widgets/list/list.php",
                    "widgets/widgets/call-to-action/call-to-action.php",
                    "widgets/widgets/button/button.php",
                    "widgets/widgets/animated-image/animated-image.php",
                    "widgets/lib/color.php"
                ]
            },
            "license": [
                "GPLv2"
            ],
            "authors": [
                {
                    "name": "Greg Priday",
                    "email": "support@siteorigin.com",
                    "homepage": "http://siteorigin.com/",
                    "role": "WordPress Developer"
                }
            ],
            "description": "Build responsive page layouts using the widgets you know and love using this simple drag and drop page builder.",
            "homepage": "http://siteorigin.com/page-builder/",
            "keywords": [
                "admin",
                "builder",
                "page-builder",
                "responsive",
                "wordpress"
            ],
            "time": "2014-06-04 16:34:03"
        },
        {
            "name": "usabilitydynamics/lib-installer",
            "version": "master",
            "source": {
                "type": "git",
                "url": "git@github.com:UsabilityDynamics/lib-installer",
                "reference": "master"
            },
            "dist": {
                "type": "zip",
                "url": "https://github.com/usabilitydynamics/lib-installer/archive/master.zip",
                "reference": null,
                "shasum": null
            },
            "require": {
                "composer-plugin-api": "1.0.0",
                "composer/installers": "~1.0",
                "php": ">=5.3"
            },
            "type": "composer-installer",
            "extra": {
                "class": [
                    "UsabilityDynamics\\Installers\\ProductModule"
                ],
                "branch-alias": {
                    "dev-master": "1.0-dev"
                }
            },
            "autoload": {
                "psr-4": {
                    "UsabilityDynamics\\Installers\\": "lib/"
                }
            },
            "license": [
                "MIT"
            ],
            "time": "2014-06-03 00:40:50"
        },
        {
            "name": "usabilitydynamics/lib-layout-engine",
            "version": "master",
            "source": {
                "type": "git",
                "url": "git@github.com:UsabilityDynamics/lib-layout-engine",
                "reference": "master"
            },
            "dist": {
                "type": "zip",
                "url": "https://github.com/usabilitydynamics/lib-layout-engine/archive/master.zip",
                "reference": null,
                "shasum": null
            },
            "require": {
                "php": ">=5.3",
                "usabilitydynamics/lib-installer": "master",
                "usabilitydynamics/lib-meta-box": "*",
                "usabilitydynamics/lib-ui": "*",
                "usabilitydynamics/lib-utility": "*"
            },
            "require-dev": {
                "phpunit/phpunit": "3.7.*",
                "usabilitydynamics/lib-carrington-build": "*"
            },
            "type": "library",
            "autoload": {
                "classmap": [
                    "lib"
                ]
            },
            "time": "2014-06-04 15:44:17"
        },
        {
            "name": "usabilitydynamics/lib-meta-box",
            "version": "master",
            "source": {
                "type": "git",
                "url": "git@github.com:UsabilityDynamics/wp-meta-box",
                "reference": "master"
            },
            "dist": {
                "type": "zip",
                "url": "https://github.com/UsabilityDynamics/wp-meta-box/archive/master.zip",
                "reference": null,
                "shasum": null
            },
            "require": {
                "composer/installers": "~1.0"
            },
            "type": "library",
            "extra": {
                "installer-name": "lib-meta-box"
            },
            "autoload": {
                "classmap": [
                    "inc/fields",
                    "inc/common.php",
                    "inc/field.php",
                    "inc/helpers.php",
                    "inc/meta-box.php"
                ]
            },
            "time": "2014-06-03 12:04:11"
        },
        {
            "name": "usabilitydynamics/lib-ui",
            "version": "master",
            "source": {
                "type": "git",
                "url": "git@github.com:UsabilityDynamics/lib-ui",
                "reference": "master"
            },
            "dist": {
                "type": "zip",
                "url": "https://github.com/usabilitydynamics/lib-ui/archive/master.zip",
                "reference": null,
                "shasum": null
            },
            "require": {
                "usabilitydynamics/lib-utility": "master"
            },
            "type": "library",
            "extra": {
                "component": {
                    "scripts": [
                        "scripts/ui.js",
                        "scripts/ui.markdown.js",
                        "scripts/ui.jquery-tabs.js"
                    ],
                    "styles": [
                        "styles/ui.css",
                        "styles/ui.less"
                    ]
                }
            },
            "autoload": {
                "classmap": [
                    "lib"
                ]
            },
            "time": "2014-07-23 11:51:09"
        },
        {
            "name": "usabilitydynamics/lib-utility",
            "version": "master",
            "source": {
                "type": "git",
                "url": "git@github.com:UsabilityDynamics/lib-utility",
                "reference": "master"
            },
            "dist": {
                "type": "zip",
                "url": "https://github.com/usabilitydynamics/lib-utility/archive/master.zip",
                "reference": null,
                "shasum": null
            },
            "require-dev": {
                "phpunit/phpunit": "4.1.*"
            },
            "type": "library",
            "extra": {
                "installer-name": "lib-utility",
                "component": {
                    "name": "utility",
                    "scripts": [
                        "scripts/*.js"
                    ]
                }
            },
            "autoload": {
                "classmap": [
                    "lib"
                ]
            },
            "time": "2014-07-22 16:38:24"
        },
        {
            "name": "usabilitydynamics/wp-splash",
            "version": "master",
            "source": {
                "type": "git",
                "url": "git@github.com:UsabilityDynamics/wp-splash",
                "reference": "master"
            },
            "dist": {
                "type": "zip",
                "url": "https://github.com/usabilitydynamics/wp-splash/archive/master.zip",
                "reference": null,
                "shasum": null
            },
            "require": {
                "php": ">=5.3",
                "siteorigin/panels": "master",
                "usabilitydynamics/lib-installer": "master",
                "usabilitydynamics/lib-layout-engine": "master",
                "usabilitydynamics/lib-ui": "master"
            },
            "type": "wordpress-theme",
            "extra": {
                "installer-name": "wp-splash"
            },
            "time": "2014-07-01 13:17:37"
        }
    ],
    "packages-dev": [

    ],
    "aliases": [

    ],
    "minimum-stability": "dev",
    "stability-flags": [

    ],
    "prefer-stable": false,
    "platform": [

    ],
    "platform-dev": [

    ]
}
